
Microsoft Visual Studio Solution File, Format Version 12.00
# Visual Studio Version 18
VisualStudioVersion = 18.0.11012.119
MinimumVisualStudioVersion = 10.0.40219.1
Project("{2150E333-8FDC-42A3-9474-1A3956D46DE8}") = "Solution Items", "Solution Items", "{8EC462FD-D22E-90A8-E5CE-7E832BA40C5D}"
EndProject
Project("{2150E333-8FDC-42A3-9474-1A3956D46DE8}") = "Samples", "Samples", "{02EA681E-C7D8-13C7-8484-4AC65E1B71E8}"
EndProject
Project("{2150E333-8FDC-42A3-9474-1A3956D46DE8}") = "benchmark", "benchmark", "{64F69214-5F63-4A3D-8619-30BF8651DC5E}"
EndProject
Project("{2150E333-8FDC-42A3-9474-1A3956D46DE8}") = "tests", "tests", "{F06F8673-E718-44F9-9C8C-EF87520A5FD2}"
EndProject
Project("{FAE04EC0-301F-11D3-BF4B-00C04F79EFBC}") = "TransportBenchmark", "benchmark\TransportBenchmark.csproj", "{F6A07BE4-E4E3-E00F-11E3-432B36E565C9}"
EndProject
Project("{FAE04EC0-301F-11D3-BF4B-00C04F79EFBC}") = "UnitTests", "tests\UnitTests.csproj", "{A13B8C93-64EA-04E6-A21E-20323ED872E0}"
EndProject
Project("{2150E333-8FDC-42A3-9474-1A3956D46DE8}") = "src", "src", "{2B7A68E4-EA79-4045-BB9C-E5179EB60182}"
EndProject
Project("{FAE04EC0-301F-11D3-BF4B-00C04F79EFBC}") = "Faster.Transport.Samples", "samples\Faster.Transport.Samples\Faster.Transport.Samples.csproj", "{8BA4E35E-F560-87ED-6A77-3CAA79D3ED12}"
EndProject
Project("{FAE04EC0-301F-11D3-BF4B-00C04F79EFBC}") = "Faster.Transport", "src\Transport\Faster.Transport.csproj", "{162B2FFD-5D8A-EF18-DFD1-FB0AF2601C6D}"
EndProject
Global
	GlobalSection(SolutionConfigurationPlatforms) = preSolution
		Debug|Any CPU = Debug|Any CPU
		Release|Any CPU = Release|Any CPU
	EndGlobalSection
	GlobalSection(ProjectConfigurationPlatforms) = postSolution
		{F6A07BE4-E4E3-E00F-11E3-432B36E565C9}.Debug|Any CPU.ActiveCfg = Debug|Any CPU
		{F6A07BE4-E4E3-E00F-11E3-432B36E565C9}.Debug|Any CPU.Build.0 = Debug|Any CPU
		{F6A07BE4-E4E3-E00F-11E3-432B36E565C9}.Release|Any CPU.ActiveCfg = Release|Any CPU
		{F6A07BE4-E4E3-E00F-11E3-432B36E565C9}.Release|Any CPU.Build.0 = Release|Any CPU
		{A13B8C93-64EA-04E6-A21E-20323ED872E0}.Debug|Any CPU.ActiveCfg = Debug|Any CPU
		{A13B8C93-64EA-04E6-A21E-20323ED872E0}.Debug|Any CPU.Build.0 = Debug|Any CPU
		{A13B8C93-64EA-04E6-A21E-20323ED872E0}.Release|Any CPU.ActiveCfg = Release|Any CPU
		{A13B8C93-64EA-04E6-A21E-20323ED872E0}.Release|Any CPU.Build.0 = Release|Any CPU
		{8BA4E35E-F560-87ED-6A77-3CAA79D3ED12}.Debug|Any CPU.ActiveCfg = Debug|Any CPU
		{8BA4E35E-F560-87ED-6A77-3CAA79D3ED12}.Debug|Any CPU.Build.0 = Debug|Any CPU
		{8BA4E35E-F560-87ED-6A77-3CAA79D3ED12}.Release|Any CPU.ActiveCfg = Release|Any CPU
		{8BA4E35E-F560-87ED-6A77-3CAA79D3ED12}.Release|Any CPU.Build.0 = Release|Any CPU
		{162B2FFD-5D8A-EF18-DFD1-FB0AF2601C6D}.Debug|Any CPU.ActiveCfg = Debug|Any CPU
		{162B2FFD-5D8A-EF18-DFD1-FB0AF2601C6D}.Debug|Any CPU.Build.0 = Debug|Any CPU
		{162B2FFD-5D8A-EF18-DFD1-FB0AF2601C6D}.Release|Any CPU.ActiveCfg = Release|Any CPU
		{162B2FFD-5D8A-EF18-DFD1-FB0AF2601C6D}.Release|Any CPU.Build.0 = Release|Any CPU
	EndGlobalSection
	GlobalSection(SolutionProperties) = preSolution
		HideSolutionNode = FALSE
	EndGlobalSection
	GlobalSection(NestedProjects) = preSolution
		{F6A07BE4-E4E3-E00F-11E3-432B36E565C9} = {64F69214-5F63-4A3D-8619-30BF8651DC5E}
		{A13B8C93-64EA-04E6-A21E-20323ED872E0} = {F06F8673-E718-44F9-9C8C-EF87520A5FD2}
		{8BA4E35E-F560-87ED-6A77-3CAA79D3ED12} = {02EA681E-C7D8-13C7-8484-4AC65E1B71E8}
		{162B2FFD-5D8A-EF18-DFD1-FB0AF2601C6D} = {2B7A68E4-EA79-4045-BB9C-E5179EB60182}
	EndGlobalSection
	GlobalSection(ExtensibilityGlobals) = postSolution
		SolutionGuid = {E68002CE-095D-44D3-8033-99EEFC48774D}
	EndGlobalSection
EndGlobal
